
Microsoft Visual Studio Solution File, Format Version 12.00
# Visual Studio Version 17
VisualStudioVersion = 17.2.32526.322
MinimumVisualStudioVersion = 10.0.40219.1
Project("{2150E333-8FDC-42A3-9474-1A3956D46DE8}") = "Solution Items", "Solution Items", "{C3EBC44A-2368-4335-8554-3C50658BF57D}"
	ProjectSection(SolutionItems) = preProject
		11_2_2 Definowanie tabel i dadawanie wartości.sql = 11_2_2 Definowanie tabel i dadawanie wartości.sql
		13_2_3 Zaawansowane zmienne.sql = 13_2_3 Zaawansowane zmienne.sql
		15_2_4 Wyświetlanie danych.sql = 15_2_4 Wyświetlanie danych.sql
		21_2_7 Aktualizacja i usuwanie danych.sql = 21_2_7 Aktualizacja i usuwanie danych.sql
		24_2_8 Wczytywanie danych z pliku.sql = 24_2_8 Wczytywanie danych z pliku.sql
		31.3.1 Łączenie tekstu.sql = 31.3.1 Łączenie tekstu.sql
		34.3.3 Zastepowanie.sql = 34.3.3 Zastepowanie.sql
		36.3.4 Odwacenie, liczba i wielkosc znakow, wartosci unikane, rozbijanie.sql = 36.3.4 Odwacenie, liczba i wielkosc znakow, wartosci unikane, rozbijanie.sql
		43_4_1 Wczytywanie danych z pliku.sql = 43_4_1 Wczytywanie danych z pliku.sql
		43_4_1 Zliczanie.sql = 43_4_1 Zliczanie.sql
		45_4_2 Grupowanie.sql = 45_4_2 Grupowanie.sql
		50_5_2.DATY - operacje.sql = 50_5_2.DATY - operacje.sql
		50_5_2.sql = 50_5_2.sql
		8_1_3 CLI_Workbrench_tworzenie_usuwanie_baz_danych.sql = 8_1_3 CLI_Workbrench_tworzenie_usuwanie_baz_danych.sql
		Check.sql = Check.sql
		ex 13.sql = ex 13.sql
		ex29-35.sql = ex29-35.sql
		ex_12.sql = ex_12.sql
		ex_16.sql = ex_16.sql
		ex_23_24.sql = ex_23_24.sql
		ex_25.sql = ex_25.sql
		ex_5_6.sql = ex_5_6.sql
		ex_8_11.sql = ex_8_11.sql
	EndProjectSection
EndProject
Global
	GlobalSection(SolutionProperties) = preSolution
		HideSolutionNode = FALSE
	EndGlobalSection
	GlobalSection(ExtensibilityGlobals) = postSolution
		SolutionGuid = {DE9B2739-EB85-4556-9892-C6E9962D6512}
	EndGlobalSection
EndGlobal
